{
    "_meta": {
        "hash": {
            "sha256": "6410b9e9cce83cfb83372652dc1c66dc99f83b9b3335bb47b8db9aa35f0ae88e"
        },
        "pipfile-spec": 6,
        "requires": {
            "python_version": "3.7"
        },
        "sources": [
            {
                "name": "pypi",
                "url": "https://pypi.org/simple",
                "verify_ssl": true
            }
        ]
    },
    "default": {
        "certifi": {
            "hashes": [
                "sha256:017c25db2a153ce562900032d5bc68e9f191e44e9a0f762f373977de9df1fbb3",
                "sha256:25b64c7da4cd7479594d035c08c2d809eb4aab3a26e5a990ea98cc450c320f1f"
            ],
            "version": "==2019.11.28"
        },
        "chardet": {
            "hashes": [
                "sha256:84ab92ed1c4d4f16916e05906b6b75a6c0fb5db821cc65e70cbd64a3e2a5eaae",
                "sha256:fc323ffcaeaed0e0a02bf4d117757b98aed530d9ed4531e3e15460124c106691"
            ],
            "version": "==3.0.4"
        },
        "click": {
            "hashes": [
                "sha256:2335065e6395b9e67ca716de5f7526736bfa6ceead690adf616d925bdc622b13",
                "sha256:5b94b49521f6456670fdb30cd82a4eca9412788a93fa6dd6df72c94d5a8ff2d7"
            ],
            "version": "==7.0"
        },
        "coreapi": {
            "hashes": [
                "sha256:46145fcc1f7017c076a2ef684969b641d18a2991051fddec9458ad3f78ffc1cb",
                "sha256:bf39d118d6d3e171f10df9ede5666f63ad80bba9a29a8ec17726a66cf52ee6f3"
            ],
            "index": "pypi",
            "version": "==2.3.3"
        },
        "coreapi-cli": {
            "hashes": [
                "sha256:d76b5320ea9ad04d922001ac8897b903a7a359c08a53822f819134c50aa22c5f"
            ],
            "index": "pypi",
            "version": "==1.0.9"
        },
        "coreschema": {
            "hashes": [
                "sha256:5e6ef7bf38c1525d5e55a895934ab4273548629f16aed5c0a6caa74ebf45551f",
                "sha256:9503506007d482ab0867ba14724b93c18a33b22b6d19fb419ef2d239dd4a1607"
            ],
            "version": "==0.0.4"
        },
        "dj-database-url": {
            "hashes": [
                "sha256:4aeaeb1f573c74835b0686a2b46b85990571159ffc21aa57ecd4d1e1cb334163",
                "sha256:851785365761ebe4994a921b433062309eb882fedd318e1b0fcecc607ed02da9"
            ],
            "version": "==0.5.0"
        },
        "django": {
            "hashes": [
                "sha256:1226168be1b1c7efd0e66ee79b0e0b58b2caa7ed87717909cd8a57bb13a7079a",
                "sha256:9a4635813e2d498a3c01b10c701fe4a515d76dd290aaa792ccb65ca4ccb6b038"
            ],
            "index": "pypi",
            "version": "==2.2.10"
        },
        "django-heroku": {
            "hashes": [
                "sha256:2bc690aab89eedbe01311752320a9a12e7548e3b0ed102681acc5736a41a4762",
                "sha256:6af4bc3ae4a9b55eaad6dbe5164918982d2762661aebc9f83d9fa49f6009514e"
            ],
            "index": "pypi",
            "version": "==0.3.1"
        },
        "djangorestframework": {
            "hashes": [
                "sha256:607865b0bb1598b153793892101d881466bd5a991de12bd6229abb18b1c86136",
                "sha256:63f76cbe1e7d12b94c357d7e54401103b2e52aef0f7c1650d6c820ad708776e5"
            ],
            "index": "pypi",
            "version": "==3.9.0"
        },
        "gunicorn": {
            "hashes": [
                "sha256:aa8e0b40b4157b36a5df5e599f45c9c76d6af43845ba3b3b0efe2c70473c2471",
                "sha256:fa2662097c66f920f53f70621c6c58ca4a3c4d3434205e608e121b5b3b71f4f3"
            ],
            "index": "pypi",
            "version": "==19.9.0"
        },
        "idna": {
            "hashes": [
                "sha256:156a6814fb5ac1fc6850fb002e0852d56c0c8d2531923a51032d1b70760e186e",
                "sha256:684a38a6f903c1d71d6d5fac066b58d7768af4de2b832e426ec79c30daa94a16"
            ],
            "version": "==2.7"
        },
        "itypes": {
            "hashes": [
                "sha256:c6e77bb9fd68a4bfeb9d958fea421802282451a25bac4913ec94db82a899c073"
            ],
            "version": "==1.1.0"
        },
        "jinja2": {
            "hashes": [
                "sha256:93187ffbc7808079673ef52771baa950426fd664d3aad1d0fa3e95644360e250",
                "sha256:b0eaf100007721b5c16c1fc1eecb87409464edc10469ddc9a22a27a99123be49"
            ],
            "version": "==2.11.1"
        },
        "markupsafe": {
            "hashes": [
                "sha256:00bc623926325b26bb9605ae9eae8a215691f33cae5df11ca5424f06f2d1f473",
                "sha256:09027a7803a62ca78792ad89403b1b7a73a01c8cb65909cd876f7fcebd79b161",
                "sha256:09c4b7f37d6c648cb13f9230d847adf22f8171b1ccc4d5682398e77f40309235",
                "sha256:1027c282dad077d0bae18be6794e6b6b8c91d58ed8a8d89a89d59693b9131db5",
                "sha256:13d3144e1e340870b25e7b10b98d779608c02016d5184cfb9927a9f10c689f42",
                "sha256:24982cc2533820871eba85ba648cd53d8623687ff11cbb805be4ff7b4c971aff",
                "sha256:29872e92839765e546828bb7754a68c418d927cd064fd4708fab9fe9c8bb116b",
                "sha256:43a55c2930bbc139570ac2452adf3d70cdbb3cfe5912c71cdce1c2c6bbd9c5d1",
                "sha256:46c99d2de99945ec5cb54f23c8cd5689f6d7177305ebff350a58ce5f8de1669e",
                "sha256:500d4957e52ddc3351cabf489e79c91c17f6e0899158447047588650b5e69183",
                "sha256:535f6fc4d397c1563d08b88e485c3496cf5784e927af890fb3c3aac7f933ec66",
                "sha256:596510de112c685489095da617b5bcbbac7dd6384aeebeda4df6025d0256a81b",
                "sha256:62fe6c95e3ec8a7fad637b7f3d372c15ec1caa01ab47926cfdf7a75b40e0eac1",
                "sha256:6788b695d50a51edb699cb55e35487e430fa21f1ed838122d722e0ff0ac5ba15",
                "sha256:6dd73240d2af64df90aa7c4e7481e23825ea70af4b4922f8ede5b9e35f78a3b1",
                "sha256:717ba8fe3ae9cc0006d7c451f0bb265ee07739daf76355d06366154ee68d221e",
                "sha256:79855e1c5b8da654cf486b830bd42c06e8780cea587384cf6545b7d9ac013a0b",
                "sha256:7c1699dfe0cf8ff607dbdcc1e9b9af1755371f92a68f706051cc8c37d447c905",
                "sha256:88e5fcfb52ee7b911e8bb6d6aa2fd21fbecc674eadd44118a9cc3863f938e735",
                "sha256:8defac2f2ccd6805ebf65f5eeb132adcf2ab57aa11fdf4c0dd5169a004710e7d",
                "sha256:98c7086708b163d425c67c7a91bad6e466bb99d797aa64f965e9d25c12111a5e",
                "sha256:9add70b36c5666a2ed02b43b335fe19002ee5235efd4b8a89bfcf9005bebac0d",
                "sha256:9bf40443012702a1d2070043cb6291650a0841ece432556f784f004937f0f32c",
                "sha256:ade5e387d2ad0d7ebf59146cc00c8044acbd863725f887353a10df825fc8ae21",
                "sha256:b00c1de48212e4cc9603895652c5c410df699856a2853135b3967591e4beebc2",
                "sha256:b1282f8c00509d99fef04d8ba936b156d419be841854fe901d8ae224c59f0be5",
                "sha256:b2051432115498d3562c084a49bba65d97cf251f5a331c64a12ee7e04dacc51b",
                "sha256:ba59edeaa2fc6114428f1637ffff42da1e311e29382d81b339c1817d37ec93c6",
                "sha256:c8716a48d94b06bb3b2524c2b77e055fb313aeb4ea620c8dd03a105574ba704f",
                "sha256:cd5df75523866410809ca100dc9681e301e3c27567cf498077e8551b6d20e42f",
                "sha256:cdb132fc825c38e1aeec2c8aa9338310d29d337bebbd7baa06889d09a60a1fa2",
                "sha256:e249096428b3ae81b08327a63a485ad0878de3fb939049038579ac0ef61e17e7",
                "sha256:e8313f01ba26fbbe36c7be1966a7b7424942f670f38e666995b88d012765b9be"
            ],
            "version": "==1.1.1"
        },
        "psycopg2": {
            "hashes": [
                "sha256:4212ca404c4445dc5746c0d68db27d2cbfb87b523fe233dc84ecd24062e35677",
                "sha256:47fc642bf6f427805daf52d6e52619fe0637648fe27017062d898f3bf891419d",
                "sha256:72772181d9bad1fa349792a1e7384dde56742c14af2b9986013eb94a240f005b",
                "sha256:8396be6e5ff844282d4d49b81631772f80dabae5658d432202faf101f5283b7c",
                "sha256:893c11064b347b24ecdd277a094413e1954f8a4e8cdaf7ffbe7ca3db87c103f0",
                "sha256:92a07dfd4d7c325dd177548c4134052d4842222833576c8391aab6f74038fc3f",
                "sha256:965c4c93e33e6984d8031f74e51227bd755376a9df6993774fd5b6fb3288b1f4",
                "sha256:9ab75e0b2820880ae24b7136c4d230383e07db014456a476d096591172569c38",
                "sha256:b0845e3bdd4aa18dc2f9b6fb78fbd3d9d371ad167fd6d1b7ad01c0a6cdad4fc6",
                "sha256:dca2d7203f0dfce8ea4b3efd668f8ea65cd2b35112638e488a4c12594015f67b",
                "sha256:ed686e5926929887e2c7ae0a700e32c6129abb798b4ad2b846e933de21508151",
                "sha256:ef6df7e14698e79c59c7ee7cf94cd62e5b869db369ed4b1b8f7b729ea825712a",
                "sha256:f898e5cc0a662a9e12bde6f931263a1bbd350cfb18e1d5336a12927851825bb6"
            ],
            "version": "==2.8.4"
        },
        "psycopg2-binary": {
            "hashes": [
                "sha256:036bcb198a7cc4ce0fe43344f8c2c9a8155aefa411633f426c8c6ed58a6c0426",
                "sha256:1d770fcc02cdf628aebac7404d56b28a7e9ebec8cfc0e63260bd54d6edfa16d4",
                "sha256:1fdc6f369dcf229de6c873522d54336af598b9470ccd5300e2f58ee506f5ca13",
                "sha256:21f9ddc0ff6e07f7d7b6b484eb9da2c03bc9931dd13e36796b111d631f7135a3",
                "sha256:247873cda726f7956f745a3e03158b00de79c4abea8776dc2f611d5ba368d72d",
                "sha256:3aa31c42f29f1da6f4fd41433ad15052d5ff045f2214002e027a321f79d64e2c",
                "sha256:475f694f87dbc619010b26de7d0fc575a4accf503f2200885cc21f526bffe2ad",
                "sha256:4b5e332a24bf6e2fda1f51ca2a57ae1083352293a08eeea1fa1112dc7dd542d1",
                "sha256:570d521660574aca40be7b4d532dfb6f156aad7b16b5ed62d1534f64f1ef72d8",
                "sha256:59072de7def0690dd13112d2bdb453e20570a97297070f876fbbb7cbc1c26b05",
                "sha256:5f0b658989e918ef187f8a08db0420528126f2c7da182a7b9f8bf7f85144d4e4",
                "sha256:649199c84a966917d86cdc2046e03d536763576c0b2a756059ae0b3a9656bc20",
                "sha256:6645fc9b4705ae8fbf1ef7674f416f89ae1559deec810f6dd15197dfa52893da",
                "sha256:6872dd54d4e398d781efe8fe2e2d7eafe4450d61b5c4898aced7610109a6df75",
                "sha256:6ce34fbc251fc0d691c8d131250ba6f42fd2b28ef28558d528ba8c558cb28804",
                "sha256:73920d167a0a4d1006f5f3b9a3efce6f0e5e883a99599d38206d43f27697df00",
                "sha256:8a671732b87ae423e34b51139628123bc0306c2cb85c226e71b28d3d57d7e42a",
                "sha256:8d517e8fda2efebca27c2018e14c90ed7dc3f04d7098b3da2912e62a1a5585fe",
                "sha256:9475a008eb7279e20d400c76471843c321b46acacc7ee3de0b47233a1e3fa2cf",
                "sha256:96947b8cd7b3148fb0e6549fcb31258a736595d6f2a599f8cd450e9a80a14781",
                "sha256:abf229f24daa93f67ac53e2e17c8798a71a01711eb9fcdd029abba8637164338",
                "sha256:b1ab012f276df584beb74f81acb63905762c25803ece647016613c3d6ad4e432",
                "sha256:b22b33f6f0071fe57cb4e9158f353c88d41e739a3ec0d76f7b704539e7076427",
                "sha256:b3b2d53274858e50ad2ffdd6d97ce1d014e1e530f82ec8b307edd5d4c921badf",
                "sha256:bab26a729befc7b9fab9ded1bba9c51b785188b79f8a2796ba03e7e734269e2e",
                "sha256:daa1a593629aa49f506eddc9d23dc7f89b35693b90e1fbcd4480182d1203ea90",
                "sha256:dd111280ce40e89fd17b19c1269fd1b74a30fce9d44a550840e86edb33924eb8",
                "sha256:e0b86084f1e2e78c451994410de756deba206884d6bed68d5a3d7f39ff5fea1d",
                "sha256:eb86520753560a7e89639500e2a254bb6f683342af598088cb72c73edcad21e6",
                "sha256:ff18c5c40a38d41811c23e2480615425c97ea81fd7e9118b8b899c512d97c737"
            ],
            "index": "pypi",
            "version": "==2.7.6.1"
        },
        "pygments": {
            "hashes": [
                "sha256:78f3f434bcc5d6ee09020f92ba487f95ba50f1e3ef83ae96b9d5ffa1bab25c5d",
                "sha256:dbae1046def0efb574852fab9e90209b23f556367b5a320c0bcb871c77c3e8cc"
            ],
            "index": "pypi",
            "version": "==2.2.0"
        },
        "pytz": {
            "hashes": [
                "sha256:1c557d7d0e871de1f5ccd5833f60fb2550652da6be2693c1e02300743d21500d",
                "sha256:b02c06db6cf09c12dd25137e563b31700d3b80fcc4ad23abb7a315f2789819be"
            ],
            "version": "==2019.3"
        },
        "requests": {
            "hashes": [
                "sha256:65b3a120e4329e33c9889db89c80976c5272f56ea92d3e74da8a463992e3ff54",
                "sha256:ea881206e59f41dbd0bd445437d792e43906703fff75ca8ff43ccdb11f33f263"
            ],
            "index": "pypi",
            "version": "==2.20.1"
        },
        "sqlparse": {
            "hashes": [
                "sha256:40afe6b8d4b1117e7dff5504d7a8ce07d9a1b15aeeade8a2d10f130a834f8177",
                "sha256:7c3dca29c022744e95b547e867cee89f4fce4373f3549ccd8797d8eb52cdb873"
            ],
            "version": "==0.3.0"
        },
        "uritemplate": {
            "hashes": [
                "sha256:07620c3f3f8eed1f12600845892b0e036a2420acf513c53f7de0abd911a5894f",
                "sha256:5af8ad10cec94f215e3f48112de2022e1d5a37ed427fbd88652fa908f2ab7cae"
            ],
            "version": "==3.0.1"
        },
        "urllib3": {
            "hashes": [
                "sha256:2393a695cd12afedd0dcb26fe5d50d0cf248e5a66f75dbd89a3d4eb333a61af4",
                "sha256:a637e5fae88995b256e3409dc4d52c2e2e0ba32c42a6365fee8bbd2238de3cfb"
            ],
            "version": "==1.24.3"
        },
        "whitenoise": {
            "hashes": [
                "sha256:0f9137f74bd95fa54329ace88d8dc695fbe895369a632e35f7a136e003e41d73",
                "sha256:62556265ec1011bd87113fb81b7516f52688887b7a010ee899ff1fd18fd22700"
            ],
            "version": "==5.0.1"
        }
    },
    "develop": {}
}
